<?xml version="1.0" encoding="UTF-8" standalone="yes" ?>
<CodeBlocks_project_file>
	<FileVersion major="1" minor="6" />
	<Project>
		<Option title="Wordle" />
		<Option pch_mode="2" />
		<Option compiler="gcc" />
		<Build>
			<Target title="Debug">
				<Option output="bin/Debug/Wordle" prefix_auto="1" extension_auto="1" />
				<Option object_output="obj/Debug/" />
				<Option type="1" />
				<Option compiler="gcc" />
				<Compiler>
					<Add option="-std=c++11" />
					<Add option="-g" />
					<Add directory="View" />
					<Add directory="Model" />
					<Add directory="Utils" />
				</Compiler>
			</Target>
		</Build>
		<Compiler>
			<Add option="`fltk-config --cxxflags`" />
		</Compiler>
		<Linker>
			<Add option="`fltk-config --ldstaticflags`" />
		</Linker>
		<Unit filename="Model/FileManager.cpp" />
		<Unit filename="Model/FileManager.h" />
		<Unit filename="Model/Player.cpp" />
		<Unit filename="Model/Player.h" />
		<Unit filename="Model/StatisticsManager.cpp" />
		<Unit filename="Model/StatisticsManager.h" />
		<Unit filename="Model/WordleManager.cpp" />
		<Unit filename="Model/WordleManager.h" />
		<Unit filename="Utils/Utils.cpp" />
		<Unit filename="Utils/Utils.h" />
		<Unit filename="View/LoginWindow.cpp" />
		<Unit filename="View/LoginWindow.h" />
		<Unit filename="View/SettingsWindow.cpp" />
		<Unit filename="View/SettingsWindow.h" />
		<Unit filename="View/StatisticsWindow.cpp" />
		<Unit filename="View/StatisticsWindow.h" />
		<Unit filename="View/WordleDisplayControl.cpp" />
		<Unit filename="View/WordleDisplayControl.h" />
		<Unit filename="View/WordleKeyboardControl.cpp" />
		<Unit filename="View/WordleKeyboardControl.h" />
		<Unit filename="View/WordleWindow.cpp" />
		<Unit filename="View/WordleWindow.h" />
		<Unit filename="dictionary.txt" />
		<Unit filename="main.cpp" />
		<Extensions />
	</Project>
</CodeBlocks_project_file>
